
Microsoft Visual Studio Solution File, Format Version 12.00
# Visual Studio Version 17
VisualStudioVersion = 17.9.34701.34
MinimumVisualStudioVersion = 10.0.40219.1
Project("{FAE04EC0-301F-11D3-BF4B-00C04F79EFBC}") = "assessment.web.api", "assessment.web.api\assessment.web.api.csproj", "{A9AB796E-E28F-4574-ACD7-FA9E3CFF8E72}"
EndProject
Project("{FAE04EC0-301F-11D3-BF4B-00C04F79EFBC}") = "assessment.background.job", "assessment.background.job\assessment.background.job.csproj", "{9F0B1154-8C99-4AFD-B831-D6493178EC4F}"
EndProject
Project("{00D1A9C2-B5F0-4AF3-8072-F6C62B433612}") = "assessment.databases", "assessment.databases\assessment.databases.sqlproj", "{AC0248B1-806F-42CA-AC0B-E1DAB3FDF2F4}"
EndProject
Global
	GlobalSection(SolutionConfigurationPlatforms) = preSolution
		Debug|Any CPU = Debug|Any CPU
		Release|Any CPU = Release|Any CPU
	EndGlobalSection
	GlobalSection(ProjectConfigurationPlatforms) = postSolution
		{A9AB796E-E28F-4574-ACD7-FA9E3CFF8E72}.Debug|Any CPU.ActiveCfg = Debug|Any CPU
		{A9AB796E-E28F-4574-ACD7-FA9E3CFF8E72}.Debug|Any CPU.Build.0 = Debug|Any CPU
		{A9AB796E-E28F-4574-ACD7-FA9E3CFF8E72}.Release|Any CPU.ActiveCfg = Release|Any CPU
		{A9AB796E-E28F-4574-ACD7-FA9E3CFF8E72}.Release|Any CPU.Build.0 = Release|Any CPU
		{9F0B1154-8C99-4AFD-B831-D6493178EC4F}.Debug|Any CPU.ActiveCfg = Debug|Any CPU
		{9F0B1154-8C99-4AFD-B831-D6493178EC4F}.Debug|Any CPU.Build.0 = Debug|Any CPU
		{9F0B1154-8C99-4AFD-B831-D6493178EC4F}.Release|Any CPU.ActiveCfg = Release|Any CPU
		{9F0B1154-8C99-4AFD-B831-D6493178EC4F}.Release|Any CPU.Build.0 = Release|Any CPU
		{AC0248B1-806F-42CA-AC0B-E1DAB3FDF2F4}.Debug|Any CPU.ActiveCfg = Debug|Any CPU
		{AC0248B1-806F-42CA-AC0B-E1DAB3FDF2F4}.Debug|Any CPU.Build.0 = Debug|Any CPU
		{AC0248B1-806F-42CA-AC0B-E1DAB3FDF2F4}.Debug|Any CPU.Deploy.0 = Debug|Any CPU
		{AC0248B1-806F-42CA-AC0B-E1DAB3FDF2F4}.Release|Any CPU.ActiveCfg = Release|Any CPU
		{AC0248B1-806F-42CA-AC0B-E1DAB3FDF2F4}.Release|Any CPU.Build.0 = Release|Any CPU
		{AC0248B1-806F-42CA-AC0B-E1DAB3FDF2F4}.Release|Any CPU.Deploy.0 = Release|Any CPU
	EndGlobalSection
	GlobalSection(SolutionProperties) = preSolution
		HideSolutionNode = FALSE
	EndGlobalSection
	GlobalSection(ExtensibilityGlobals) = postSolution
		SolutionGuid = {87E9AB86-EBCD-4C72-9CB4-CCDFCF943420}
	EndGlobalSection
EndGlobal
